
Microsoft Visual Studio Solution File, Format Version 12.00
# Visual Studio 15
VisualStudioVersion = 15.0.26730.8
MinimumVisualStudioVersion = 10.0.40219.1
Project("{FAE04EC0-301F-11D3-BF4B-00C04F79EFBC}") = "MichaelBigos.HashSync", "MichaelBigos.HashSync\MichaelBigos.HashSync.csproj", "{7FE50144-5F97-4DD8-A94E-769B6662EB4E}"
EndProject
Project("{9A19103F-16F7-4668-BE54-9A1E7A4F7556}") = "MichaelBigos.HashSync.Tests", "MichaelBigos.HashSync.Tests\MichaelBigos.HashSync.Tests.csproj", "{543C4568-F848-4F67-9BA9-9A164FBC3C23}"
EndProject
Global
	GlobalSection(SolutionConfigurationPlatforms) = preSolution
		Debug|Any CPU = Debug|Any CPU
		Release|Any CPU = Release|Any CPU
	EndGlobalSection
	GlobalSection(ProjectConfigurationPlatforms) = postSolution
		{7FE50144-5F97-4DD8-A94E-769B6662EB4E}.Debug|Any CPU.ActiveCfg = Debug|Any CPU
		{7FE50144-5F97-4DD8-A94E-769B6662EB4E}.Debug|Any CPU.Build.0 = Debug|Any CPU
		{7FE50144-5F97-4DD8-A94E-769B6662EB4E}.Release|Any CPU.ActiveCfg = Release|Any CPU
		{7FE50144-5F97-4DD8-A94E-769B6662EB4E}.Release|Any CPU.Build.0 = Release|Any CPU
		{543C4568-F848-4F67-9BA9-9A164FBC3C23}.Debug|Any CPU.ActiveCfg = Debug|Any CPU
		{543C4568-F848-4F67-9BA9-9A164FBC3C23}.Debug|Any CPU.Build.0 = Debug|Any CPU
		{543C4568-F848-4F67-9BA9-9A164FBC3C23}.Release|Any CPU.ActiveCfg = Release|Any CPU
		{543C4568-F848-4F67-9BA9-9A164FBC3C23}.Release|Any CPU.Build.0 = Release|Any CPU
	EndGlobalSection
	GlobalSection(SolutionProperties) = preSolution
		HideSolutionNode = FALSE
	EndGlobalSection
	GlobalSection(ExtensibilityGlobals) = postSolution
		SolutionGuid = {4E445155-CD78-4D80-9CAF-5395218EF0BD}
	EndGlobalSection
EndGlobal
